
Microsoft Visual Studio Solution File, Format Version 12.00
# Visual Studio 2012
Project("{FAE04EC0-301F-11D3-BF4B-00C04F79EFBC}") = "GeryVendas", "GeryVendas\GeryVendas.csproj", "{35CDCE0E-07D0-4063-94AB-B967F919A1A9}"
EndProject
Project("{FAE04EC0-301F-11D3-BF4B-00C04F79EFBC}") = "GeryVendas.Droid", "Droid\GeryVendas.Droid.csproj", "{C405804C-9443-43B1-A12C-19D84D57DDBB}"
EndProject
Global
	GlobalSection(SolutionConfigurationPlatforms) = preSolution
		Debug|Any CPU = Debug|Any CPU
		Release|Any CPU = Release|Any CPU
	EndGlobalSection
	GlobalSection(ProjectConfigurationPlatforms) = postSolution
		{35CDCE0E-07D0-4063-94AB-B967F919A1A9}.Debug|Any CPU.ActiveCfg = Debug|Any CPU
		{35CDCE0E-07D0-4063-94AB-B967F919A1A9}.Debug|Any CPU.Build.0 = Debug|Any CPU
		{35CDCE0E-07D0-4063-94AB-B967F919A1A9}.Release|Any CPU.ActiveCfg = Release|Any CPU
		{35CDCE0E-07D0-4063-94AB-B967F919A1A9}.Release|Any CPU.Build.0 = Release|Any CPU
		{C405804C-9443-43B1-A12C-19D84D57DDBB}.Debug|Any CPU.ActiveCfg = Debug|Any CPU
		{C405804C-9443-43B1-A12C-19D84D57DDBB}.Debug|Any CPU.Build.0 = Debug|Any CPU
		{C405804C-9443-43B1-A12C-19D84D57DDBB}.Release|Any CPU.ActiveCfg = Release|Any CPU
		{C405804C-9443-43B1-A12C-19D84D57DDBB}.Release|Any CPU.Build.0 = Release|Any CPU
	EndGlobalSection
EndGlobal
